
Microsoft Visual Studio Solution File, Format Version 12.00
# Visual Studio 2013
Project("{8BC9CEB8-8B4A-11D0-8D11-00A0C91BC942}") = "DS4Particles", "DS4Particles.vcxproj", "{873BA16A-8C8F-439E-AA01-093266D17E0E}"
EndProject
Global
	GlobalSection(SolutionConfigurationPlatforms) = preSolution
		Debug|Win32 = Debug|Win32
		Release|Win32 = Release|Win32
	EndGlobalSection
	GlobalSection(ProjectConfigurationPlatforms) = postSolution
		{873BA16A-8C8F-439E-AA01-093266D17E0E}.Debug|Win32.ActiveCfg = Debug|Win32
		{873BA16A-8C8F-439E-AA01-093266D17E0E}.Debug|Win32.Build.0 = Debug|Win32
		{873BA16A-8C8F-439E-AA01-093266D17E0E}.Release|Win32.ActiveCfg = Release|Win32
		{873BA16A-8C8F-439E-AA01-093266D17E0E}.Release|Win32.Build.0 = Release|Win32
	EndGlobalSection
	GlobalSection(SolutionProperties) = preSolution
		HideSolutionNode = FALSE
	EndGlobalSection
EndGlobal
